// !$*UTF8*$!
{
	archiveVersion = 1;
	classes = {
	};
	objectVersion = 46;
	objects = {

/* Begin PBXBuildFile section */
		30A919EB182601DD0000194B /* CoreFoundation.framework in Frameworks */ = {isa = PBXBuildFile; fileRef = 30A919EA182601DD0000194B /* CoreFoundation.framework */; };
		30A919EE182601DD0000194B /* main.c in Sources */ = {isa = PBXBuildFile; fileRef = 30A919ED182601DD0000194B /* main.c */; };
		30A919F0182601DD0000194B /* Chapter4.1 in CopyFiles */ = {isa = PBXBuildFile; fileRef = 30A919EF182601DD0000194B /* Chapter4.1 */; };
		30A919F81826037C0000194B /* MyComputer.m in Sources */ = {isa = PBXBuildFile; fileRef = 30A919F71826037C0000194B /* MyComputer.m */; };
/* End PBXBuildFile section */

/* Begin PBXCopyFilesBuildPhase section */
		30A919E5182601DD0000194B /* CopyFiles */ = {
			isa = PBXCopyFilesBuildPhase;
			buildActionMask = 2147483647;
			dstPath = /usr/share/man/man1/;
			dstSubfolderSpec = 0;
			files = (
				30A919F0182601DD0000194B /* Chapter4.1 in CopyFiles */,
			);
			runOnlyForDeploymentPostprocessing = 1;
		};
/* End PBXCopyFilesBuildPhase section */

/* Begin PBXFileReference section */
		30A919E7182601DD0000194B /* Chapter4 */ = {isa = PBXFileReference; explicitFileType = "compiled.mach-o.executable"; includeInIndex = 0; path = Chapter4; sourceTree = BUILT_PRODUCTS_DIR; };
		30A919EA182601DD0000194B /* CoreFoundation.framework */ = {isa = PBXFileReference; lastKnownFileType = wrapper.framework; name = CoreFoundation.framework; path = System/Library/Frameworks/CoreFoundation.framework; sourceTree = SDKROOT; };
		30A919ED182601DD0000194B /* main.c */ = {isa = PBXFileReference; lastKnownFileType = sourcecode.c.c; path = main.c; sourceTree = "<group>"; };
		30A919EF182601DD0000194B /* Chapter4.1 */ = {isa = PBXFileReference; lastKnownFileType = text.man; path = Chapter4.1; sourceTree = "<group>"; };
		30A919F61826037C0000194B /* MyComputer.h */ = {isa = PBXFileReference; fileEncoding = 4; lastKnownFileType = sourcecode.c.h; path = MyComputer.h; sourceTree = "<group>"; };
		30A919F71826037C0000194B /* MyComputer.m */ = {isa = PBXFileReference; fileEncoding = 4; lastKnownFileType = sourcecode.c.objc; path = MyComputer.m; sourceTree = "<group>"; };
/* End PBXFileReference section */

/* Begin PBXFrameworksBuildPhase section */
		30A919E4182601DD0000194B /* Frameworks */ = {
			isa = PBXFrameworksBuildPhase;
			buildActionMask = 2147483647;
			files = (
				30A919EB182601DD0000194B /* CoreFoundation.framework in Frameworks */,
			);
			runOnlyForDeploymentPostprocessing = 0;
		};
/* End PBXFrameworksBuildPhase section */

/* Begin PBXGroup section */
		30A919DE182601DD0000194B = {
			isa = PBXGroup;
			children = (
				30A919EC182601DD0000194B /* Chapter4 */,
				30A919E9182601DD0000194B /* Frameworks */,
				30A919E8182601DD0000194B /* Products */,
			);
			sourceTree = "<group>";
		};
		30A919E8182601DD0000194B /* Products */ = {
			isa = PBXGroup;
			children = (
				30A919E7182601DD0000194B /* Chapter4 */,
			);
			name = Products;
			sourceTree = "<group>";
		};
		30A919E9182601DD0000194B /* Frameworks */ = {
			isa = PBXGroup;
			children = (
				30A919EA182601DD0000194B /* CoreFoundation.framework */,
			);
			name = Frameworks;
			sourceTree = "<group>";
		};
		30A919EC182601DD0000194B /* Chapter4 */ = {
			isa = PBXGroup;
			children = (
				30A919ED182601DD0000194B /* main.c */,
				30A919EF182601DD0000194B /* Chapter4.1 */,
				30A919F61826037C0000194B /* MyComputer.h */,
				30A919F71826037C0000194B /* MyComputer.m */,
			);
			path = Chapter4;
			sourceTree = "<group>";
		};
/* End PBXGroup section */

/* Begin PBXNativeTarget section */
		30A919E6182601DD0000194B /* Chapter4 */ = {
			isa = PBXNativeTarget;
			buildConfigurationList = 30A919F3182601DD0000194B /* Build configuration list for PBXNativeTarget "Chapter4" */;
			buildPhases = (
				30A919E3182601DD0000194B /* Sources */,
				30A919E4182601DD0000194B /* Frameworks */,
				30A919E5182601DD0000194B /* CopyFiles */,
			);
			buildRules = (
			);
			dependencies = (
			);
			name = Chapter4;
			productName = Chapter4;
			productReference = 30A919E7182601DD0000194B /* Chapter4 */;
			productType = "com.apple.product-type.tool";
		};
/* End PBXNativeTarget section */

/* Begin PBXProject section */
		30A919DF182601DD0000194B /* Project object */ = {
			isa = PBXProject;
			attributes = {
				LastUpgradeCheck = 0500;
				ORGANIZATIONNAME = ERICx64;
			};
			buildConfigurationList = 30A919E2182601DD0000194B /* Build configuration list for PBXProject "Chapter4" */;
			compatibilityVersion = "Xcode 3.2";
			developmentRegion = English;
			hasScannedForEncodings = 0;
			knownRegions = (
				en,
			);
			mainGroup = 30A919DE182601DD0000194B;
			productRefGroup = 30A919E8182601DD0000194B /* Products */;
			projectDirPath = "";
			projectRoot = "";
			targets = (
				30A919E6182601DD0000194B /* Chapter4 */,
			);
		};
/* End PBXProject section */

/* Begin PBXSourcesBuildPhase section */
		30A919E3182601DD0000194B /* Sources */ = {
			isa = PBXSourcesBuildPhase;
			buildActionMask = 2147483647;
			files = (
				30A919F81826037C0000194B /* MyComputer.m in Sources */,
				30A919EE182601DD0000194B /* main.c in Sources */,
			);
			runOnlyForDeploymentPostprocessing = 0;
		};
/* End PBXSourcesBuildPhase section */

/* Begin XCBuildConfiguration section */
		30A919F1182601DD0000194B /* Debug */ = {
			isa = XCBuildConfiguration;
			buildSettings = {
				ALWAYS_SEARCH_USER_PATHS = NO;
				CLANG_CXX_LANGUAGE_STANDARD = "gnu++0x";
				CLANG_CXX_LIBRARY = "libc++";
				CLANG_ENABLE_OBJC_ARC = YES;
				CLANG_WARN_BOOL_CONVERSION = YES;
				CLANG_WARN_CONSTANT_CONVERSION = YES;
				CLANG_WARN_DIRECT_OBJC_ISA_USAGE = YES_ERROR;
				CLANG_WARN_EMPTY_BODY = YES;
				CLANG_WARN_ENUM_CONVERSION = YES;
				CLANG_WARN_INT_CONVERSION = YES;
				CLANG_WARN_OBJC_ROOT_CLASS = YES_ERROR;
				CLANG_WARN__DUPLICATE_METHOD_MATCH = YES;
				COPY_PHASE_STRIP = NO;
				GCC_C_LANGUAGE_STANDARD = gnu99;
				GCC_DYNAMIC_NO_PIC = NO;
				GCC_ENABLE_OBJC_EXCEPTIONS = YES;
				GCC_OPTIMIZATION_LEVEL = 0;
				GCC_PREPROCESSOR_DEFINITIONS = (
					"DEBUG=1",
					"$(inherited)",
				);
				GCC_SYMBOLS_PRIVATE_EXTERN = NO;
				GCC_WARN_64_TO_32_BIT_CONVERSION = YES;
				GCC_WARN_ABOUT_RETURN_TYPE = YES_ERROR;
				GCC_WARN_UNDECLARED_SELECTOR = YES;
				GCC_WARN_UNINITIALIZED_AUTOS = YES;
				GCC_WARN_UNUSED_FUNCTION = YES;
				GCC_WARN_UNUSED_VARIABLE = YES;
				MACOSX_DEPLOYMENT_TARGET = 10.9;
				ONLY_ACTIVE_ARCH = YES;
				SDKROOT = macosx;
			};
			name = Debug;
		};
		30A919F2182601DD0000194B /* Release */ = {
			isa = XCBuildConfiguration;
			buildSettings = {
				ALWAYS_SEARCH_USER_PATHS = NO;
				CLANG_CXX_LANGUAGE_STANDARD = "gnu++0x";
				CLANG_CXX_LIBRARY = "libc++";
				CLANG_ENABLE_OBJC_ARC = YES;
				CLANG_WARN_BOOL_CONVERSION = YES;
				CLANG_WARN_CONSTANT_CONVERSION = YES;
				CLANG_WARN_DIRECT_OBJC_ISA_USAGE = YES_ERROR;
				CLANG_WARN_EMPTY_BODY = YES;
				CLANG_WARN_ENUM_CONVERSION = YES;
				CLANG_WARN_INT_CONVERSION = YES;
				CLANG_WARN_OBJC_ROOT_CLASS = YES_ERROR;
				CLANG_WARN__DUPLICATE_METHOD_MATCH = YES;
				COPY_PHASE_STRIP = YES;
				DEBUG_INFORMATION_FORMAT = "dwarf-with-dsym";
				ENABLE_NS_ASSERTIONS = NO;
				GCC_C_LANGUAGE_STANDARD = gnu99;
				GCC_ENABLE_OBJC_EXCEPTIONS = YES;
				GCC_WARN_64_TO_32_BIT_CONVERSION = YES;
				GCC_WARN_ABOUT_RETURN_TYPE = YES_ERROR;
				GCC_WARN_UNDECLARED_SELECTOR = YES;
				GCC_WARN_UNINITIALIZED_AUTOS = YES;
				GCC_WARN_UNUSED_FUNCTION = YES;
				GCC_WARN_UNUSED_VARIABLE = YES;
				MACOSX_DEPLOYMENT_TARGET = 10.9;
				SDKROOT = macosx;
			};
			name = Release;
		};
		30A919F4182601DD0000194B /* Debug */ = {
			isa = XCBuildConfiguration;
			buildSettings = {
				PRODUCT_NAME = "$(TARGET_NAME)";
			};
			name = Debug;
		};
		30A919F5182601DD0000194B /* Release */ = {
			isa = XCBuildConfiguration;
			buildSettings = {
				PRODUCT_NAME = "$(TARGET_NAME)";
			};
			name = Release;
		};
/* End XCBuildConfiguration section */

/* Begin XCConfigurationList section */
		30A919E2182601DD0000194B /* Build configuration list for PBXProject "Chapter4" */ = {
			isa = XCConfigurationList;
			buildConfigurations = (
				30A919F1182601DD0000194B /* Debug */,
				30A919F2182601DD0000194B /* Release */,
			);
			defaultConfigurationIsVisible = 0;
			defaultConfigurationName = Release;
		};
		30A919F3182601DD0000194B /* Build configuration list for PBXNativeTarget "Chapter4" */ = {
			isa = XCConfigurationList;
			buildConfigurations = (
				30A919F4182601DD0000194B /* Debug */,
				30A919F5182601DD0000194B /* Release */,
			);
			defaultConfigurationIsVisible = 0;
		};
/* End XCConfigurationList section */
	};
	rootObject = 30A919DF182601DD0000194B /* Project object */;
}
